# This file is automatically @generated by Poetry 2.4.1 and should not be changed by hand.

[[package]]
name = "backports-strenum"
version = "1.3.1"
description = "Base class for creating enumerated constants that are also subclasses of str"
optional = false
python-versions = ">=3.8.6,<3.11"
groups = ["main"]
markers = "python_version == \"3.10\""
files = [
    {file = "backports_strenum-1.3.1-py3-none-any.whl", hash = "sha256:cdcfe36dc897e2615dc793b7d3097f54d359918fc448754a517e6f23044ccf83"},
    {file = "backports_strenum-1.3.1.tar.gz", hash = "sha256:77c52407342898497714f0596e86188bb7084f89063226f4ba66863482f42414"},
]

[[package]]
name = "click"
version = "8.1.8"
description = "Composable command line interface toolkit"
optional = false
python-versions = ">=3.7"
groups = ["main"]
files = [
    {file = "click-8.1.8-py3-none-any.whl", hash = "sha256:63c132bbbed01578a06712a2d1f497bb62d9c1c0d329b7903a866228027263b2"},
    {file = "click-8.1.8.tar.gz", hash = "sha256:ed53c9d8990d83c2a27deae68e4ee337473f6330c040a31d4225c9574d16096a"},
]

[package.dependencies]
colorama = {version = "*", markers = "platform_system == \"Windows\""}

[[package]]
name = "colorama"
version = "0.4.6"
description = "Cross-platform colored terminal text."
optional = false
python-versions = "!=3.0.*,!=3.1.*,!=3.2.*,!=3.3.*,!=3.4.*,!=3.5.*,!=3.6.*,>=2.7"
groups = ["main"]
markers = "platform_system == \"Windows\""
files = [
    {file = "colorama-0.4.6-py2.py3-none-any.whl", hash = "sha256:4f1d9991f5acc0ca119f9d443620b77f9d6b33703e51011c16baf57afb285fc6"},
    {file = "colorama-0.4.6.tar.gz", hash = "sha256:08695f5cb7ed6e0531a20572697297273c47b8cae5a63ffc6d6ed5c201be6e44"},
]

[[package]]
name = "fastexcel"
version = "0.13.0"
description = "A fast excel file reader for Python, written in Rust"
optional = false
python-versions = ">=3.9"
groups = ["main"]
files = [
    {file = "fastexcel-0.13.0-cp39-abi3-macosx_10_12_x86_64.whl", hash = "sha256:709f44440312ecd909856f9335d8224c1f3d57ea50a136ec5f88fab86fc153d7"},
    {file = "fastexcel-0.13.0-cp39-abi3-macosx_11_0_arm64.whl", hash = "sha256:40978c1aae4888db105332caac8bef9492953ffe8fd4f195e306d8a11464e5a6"},
    {file = "fastexcel-0.13.0-cp39-abi3-manylinux_2_17_aarch64.manylinux2014_aarch64.whl", hash = "sha256:eeff6ab300b8affd9b59acc55af53c72f53c7d8cd28d2cd7071dd046d15dd34c"},
    {file = "fastexcel-0.13.0-cp39-abi3-manylinux_2_17_x86_64.manylinux2014_x86_64.whl", hash = "sha256:d92bc6e8caa6685f2901b2efe173a5cc6e975b62bfc555844373415aee5a255a"},
    {file = "fastexcel-0.13.0-cp39-abi3-win_amd64.whl", hash = "sha256:10297f6c8146691e9d0e6b22bc1b47bae49a522a8edd3150f19b4d5d3eef2a01"},
    {file = "fastexcel-0.13.0.tar.gz", hash = "sha256:308112093a73fb5a1f1e1619df55b72c882ef26234de2e2b8bd76d1781c335e1"},
]

[package.dependencies]
pyarrow = ">=8.0.0"

[package.extras]
pandas = ["pandas (>=1.4.4)"]
polars = ["polars (>=0.16.14)"]

[[package]]
name = "markdown-it-py"
version = "3.0.0"
description = "Python port of markdown-it. Markdown parsing, done right!"
optional = false
python-versions = ">=3.8"
groups = ["main"]
files = [
    {file = "markdown-it-py-3.0.0.tar.gz", hash = "sha256:e3f60a94fa066dc52ec76661e37c851cb232d92f9886b15cb560aaada2df8feb"},
    {file = "markdown_it_py-3.0.0-py3-none-any.whl", hash = "sha256:355216845c60bd96232cd8d8c40e8f9765cc86f46880e43a8fd22dc1a1a8cab1"},
]

[package.dependencies]
mdurl = ">=0.1,<1.0"

[package.extras]
benchmarking = ["psutil", "pytest", "pytest-benchmark"]
code-style = ["pre-commit (>=3.0,<4.0)"]
compare = ["commonmark (>=0.9,<1.0)", "markdown (>=3.4,<4.0)", "mistletoe (>=1.0,<2.0)", "mistune (>=2.0,<3.0)", "panflute (>=2.3,<3.0)"]
linkify = ["linkify-it-py (>=1,<3)"]
plugins = ["mdit-py-plugins"]
profiling = ["gprof2dot"]
rtd = ["jupyter_sphinx", "mdit-py-plugins", "myst-parser", "pyyaml", "sphinx", "sphinx-copybutton", "sphinx-design", "sphinx_book_theme"]
testing = ["coverage", "pytest", "pytest-cov", "pytest-regressions"]

[[package]]
name = "mdurl"
version = "0.1.2"
description = "Markdown URL utilities"
optional = false
python-versions = ">=3.7"
groups = ["main"]
files = [
    {file = "mdurl-0.1.2-py3-none-any.whl", hash = "sha256:84008a41e51615a49fc9966191ff91509e3c40b939176e643fd50a5c2196b8f8"},
    {file = "mdurl-0.1.2.tar.gz", hash = "sha256:bb413d29f5eea38f31dd4754dd7377d4465116fb207585f97bf925588687c1ba"},
]

[[package]]
name = "polars"
version = "1.24.0"
description = "Blazingly fast DataFrame library"
optional = false
python-versions = ">=3.9"
groups = ["main"]
files = [
    {file = "polars-1.24.0-cp39-abi3-macosx_10_12_x86_64.whl", hash = "sha256:563b99a6597fe77a3c89d478e4a6fb49c063f44ef84d4adefe490e14626e2f99"},
    {file = "polars-1.24.0-cp39-abi3-macosx_11_0_arm64.whl", hash = "sha256:6ad64d938d60b7fda39b60892ef67bc6a9942e0c7170db593a65d019e8730b09"},
    {file = "polars-1.24.0-cp39-abi3-manylinux_2_17_x86_64.manylinux2014_x86_64.whl", hash = "sha256:331e737465b8d954bec51e6906bdc6e979a6ee52f97ffe5e8d0c10794a46bfd9"},
    {file = "polars-1.24.0-cp39-abi3-manylinux_2_24_aarch64.whl", hash = "sha256:3c6c774aebdd5cd601839594986648789352f72b8893f4b7e34224e75b060c8d"},
    {file = "polars-1.24.0-cp39-abi3-win_amd64.whl", hash = "sha256:a5a473ff44fe1b9e3e7a9013a9321efe841d858e89cf33d424e6f3fef3ea4d5e"},
    {file = "polars-1.24.0-cp39-abi3-win_arm64.whl", hash = "sha256:5ea781ca8e0a39c3b677171dbd852e5fa2d5c53417b5fbd69d711b6044a49eaa"},
    {file = "polars-1.24.0.tar.gz", hash = "sha256:6e7553789495081c998f5e4ad4ebc7e19e970a9cc83326d40461564e85ad226d"},
]

[package.extras]
adbc = ["adbc-driver-manager[dbapi]", "adbc-driver-sqlite[dbapi]"]
all = ["polars[async,cloudpickle,database,deltalake,excel,fsspec,graph,iceberg,numpy,pandas,plot,pyarrow,pydantic,style,timezone]"]
async = ["gevent"]
calamine = ["fastexcel (>=0.9)"]
cloudpickle = ["cloudpickle"]
connectorx = ["connectorx (>=0.3.2)"]
database = ["polars[adbc,connectorx,sqlalchemy]"]
deltalake = ["deltalake (>=0.19.0)"]
excel = ["polars[calamine,openpyxl,xlsx2csv,xlsxwriter]"]
fsspec = ["fsspec"]
gpu = ["cudf-polars-cu12"]
graph = ["matplotlib"]
iceberg = ["pyiceberg (>=0.7.1)"]
numpy = ["numpy (>=1.16.0)"]
openpyxl = ["openpyxl (>=3.0.0)"]
pandas = ["pandas", "polars[pyarrow]"]
plot = ["altair (>=5.4.0)"]
polars-cloud = ["polars-cloud (>=0.0.1a1)"]
pyarrow = ["pyarrow (>=7.0.0)"]
pydantic = ["pydantic"]
sqlalchemy = ["polars[pandas]", "sqlalchemy"]
style = ["great-tables (>=0.8.0)"]
timezone = ["tzdata ; platform_system == \"Windows\""]
xlsx2csv = ["xlsx2csv (>=0.8.0)"]
xlsxwriter = ["xlsxwriter"]

[[package]]
name = "pyarrow"
version = "24.0.0"
description = "Python library for Apache Arrow"
optional = false
python-versions = ">=3.10"
groups = ["main"]
files = [
    {file = "pyarrow-24.0.0-cp310-cp310-macosx_12_0_arm64.whl", hash = "sha256:7c2b98645d576a0b9616892ead22b64a83a5f043c5e2ca15ebcefcb5b70c80cb"},
    {file = "pyarrow-24.0.0-cp310-cp310-macosx_12_0_x86_64.whl", hash = "sha256:644a246325b8c69c595ad1dd4b463eba4b0cdb731370e4a86137d433208d6147"},
    {file = "pyarrow-24.0.0-cp310-cp310-manylinux_2_28_aarch64.whl", hash = "sha256:3a577bd840ca83f646f0a625dbc571dba7044c43c2d1503afc378b570954345c"},
    {file = "pyarrow-24.0.0-cp310-cp310-manylinux_2_28_x86_64.whl", hash = "sha256:e3268e43984d0b1a185c89b4cfff282a7ead12fc93f56cfd7088bdbcbe727041"},
    {file = "pyarrow-24.0.0-cp310-cp310-musllinux_1_2_aarch64.whl", hash = "sha256:2392d954fcb920f42d230284b677605e4e2fbb11f2821e823e642abd67fbb491"},
    {file = "pyarrow-24.0.0-cp310-cp310-musllinux_1_2_x86_64.whl", hash = "sha256:bec9373df11544592b0ba7ec2af0e35059e5f0e7647c6183a854dedd193298f1"},
    {file = "pyarrow-24.0.0-cp310-cp310-win_amd64.whl", hash = "sha256:c42ab9439498270139cc63e18847a02afe5c8b3ed9c931266533cfe378bd3591"},
    {file = "pyarrow-24.0.0-cp311-cp311-macosx_12_0_arm64.whl", hash = "sha256:b0e131f880cda8d04e076cee175a46fc0e8bc8b65c99c6c09dff6669335fde74"},
    {file = "pyarrow-24.0.0-cp311-cp311-macosx_12_0_x86_64.whl", hash = "sha256:1b2fe7f9a5566401a0ef2571f197eb92358925c1f0c8dba305d6e43ea0871bb3"},
    {file = "pyarrow-24.0.0-cp311-cp311-manylinux_2_28_aarch64.whl", hash = "sha256:0b3537c00fb8d384f15ac1e79b6eb6db04a16514c8c1d22e59a9b95c8ba42868"},
    {file = "pyarrow-24.0.0-cp311-cp311-manylinux_2_28_x86_64.whl", hash = "sha256:14e31a3c9e35f1ab6356c6378f6f72830e6d2d5f1791df3774a7b097d18a6a1e"},
    {file = "pyarrow-24.0.0-cp311-cp311-musllinux_1_2_aarch64.whl", hash = "sha256:b7d9a514e73bc42711e6a35aaccf3587c520024fe0a25d830a1a8a27c15f4f57"},
    {file = "pyarrow-24.0.0-cp311-cp311-musllinux_1_2_x86_64.whl", hash = "sha256:b196eb3f931862af3fa84c2a253514d859c08e0d8fe020e07be12e75a5a9780c"},
    {file = "pyarrow-24.0.0-cp311-cp311-win_amd64.whl", hash = "sha256:35405aecb474e683fb36af650618fd5340ee5471fc65a21b36076a18bbc6c981"},
    {file = "pyarrow-24.0.0-cp312-cp312-macosx_12_0_arm64.whl", hash = "sha256:6233c9ed9ab9d1db47de57d9753256d9dcffbf42db341576099f0fd9f6bf4810"},
    {file = "pyarrow-24.0.0-cp312-cp312-macosx_12_0_x86_64.whl", hash = "sha256:f7616236ec1bc2b15bfdec22a71ab38851c86f8f05ff64f379e1278cf20c634a"},
    {file = "pyarrow-24.0.0-cp312-cp312-manylinux_2_28_aarch64.whl", hash = "sha256:1617043b99bd33e5318ae18eb2919af09c71322ef1ca46566cdafc6e6712fb66"},
    {file = "pyarrow-24.0.0-cp312-cp312-manylinux_2_28_x86_64.whl", hash = "sha256:6165461f55ef6314f026de6638d661188e3455d3ec49834556a0ebbdbace18bb"},
    {file = "pyarrow-24.0.0-cp312-cp312-musllinux_1_2_aarch64.whl", hash = "sha256:3b13dedfe76a0ad2d1d859b0811b53827a4e9d93a0bcb05cf59333ab4980cc7e"},
    {file = "pyarrow-24.0.0-cp312-cp312-musllinux_1_2_x86_64.whl", hash = "sha256:25ea65d868eb04015cd18e6df2fbe98f07e5bda2abefabcb88fce39a947716f6"},
    {file = "pyarrow-24.0.0-cp312-cp312-win_amd64.whl", hash = "sha256:295f0a7f2e242dabd513737cf076007dc5b2d59237e3eca37b05c0c6446f3826"},
    {file = "pyarrow-24.0.0-cp313-cp313-macosx_12_0_arm64.whl", hash = "sha256:02b001b3ed4723caa44f6cd1af2d5c86aa2cf9971dacc2ffa55b21237713dfba"},
    {file = "pyarrow-24.0.0-cp313-cp313-macosx_12_0_x86_64.whl", hash = "sha256:04920d6a71aabd08a0417709efce97d45ea8e6fb733d9ca9ecffb13c67839f68"},
    {file = "pyarrow-24.0.0-cp313-cp313-manylinux_2_28_aarch64.whl", hash = "sha256:a964266397740257f16f7bb2e4f08a0c81454004beab8ff59dd531b73610e9f2"},
    {file = "pyarrow-24.0.0-cp313-cp313-manylinux_2_28_x86_64.whl", hash = "sha256:6f066b179d68c413374294bc1735f68475457c933258df594443bb9d88ddc2a0"},
    {file = "pyarrow-24.0.0-cp313-cp313-musllinux_1_2_aarch64.whl", hash = "sha256:1183baeb14c5f587b1ec52831e665718ce632caab84b7cd6b85fd44f96114495"},
    {file = "pyarrow-24.0.0-cp313-cp313-musllinux_1_2_x86_64.whl", hash = "sha256:806f24b4085453c197a5078218d1ee08783ebbba271badd153d1ae22a3ee804f"},
    {file = "pyarrow-24.0.0-cp313-cp313-win_amd64.whl", hash = "sha256:e4505fc6583f7b05ab854934896bcac8253b04ac1171a77dfb73efef92076d91"},
    {file = "pyarrow-24.0.0-cp313-cp313t-macosx_12_0_arm64.whl", hash = "sha256:1a4e45017efbf115032e4475ee876d525e0e36c742214fbe405332480ecd6275"},
    {file = "pyarrow-24.0.0-cp313-cp313t-macosx_12_0_x86_64.whl", hash = "sha256:7986f1fa71cee060ad00758bcc79d3a93bab8559bf978fab9e53472a2e25a17b"},
    {file = "pyarrow-24.0.0-cp313-cp313t-manylinux_2_28_aarch64.whl", hash = "sha256:d3e0b61e8efb24ed38898e5cdc5fffa9124be480008d401a1f8071500494ae42"},
    {file = "pyarrow-24.0.0-cp313-cp313t-manylinux_2_28_x86_64.whl", hash = "sha256:55a3bc1e3df3b5567b7d27ef551b2283f0c68a5e86f1cd56abc569da4f31335b"},
    {file = "pyarrow-24.0.0-cp313-cp313t-musllinux_1_2_aarch64.whl", hash = "sha256:641f795b361874ac9da5294f8f443dfdbee355cf2bd9e3b8d97aaac2306b9b37"},
    {file = "pyarrow-24.0.0-cp313-cp313t-musllinux_1_2_x86_64.whl", hash = "sha256:8adc8e6ce5fccf5dc707046ae4914fd537def529709cc0d285d37a7f9cd442ca"},
    {file = "pyarrow-24.0.0-cp313-cp313t-win_amd64.whl", hash = "sha256:9b18371ad2f44044b81a8d23bc2d8a9b6a6226dca775e8e16cfee640473d6c5d"},
    {file = "pyarrow-24.0.0-cp314-cp314-macosx_12_0_arm64.whl", hash = "sha256:1cc9057f0319e26333b357e17f3c2c022f1a83739b48a88b25bfd5fa2dc18838"},
    {file = "pyarrow-24.0.0-cp314-cp314-macosx_12_0_x86_64.whl", hash = "sha256:e6f1278ee4785b6db21229374a1c9e54ec7c549de5d1efc9630b6207de7e170b"},
    {file = "pyarrow-24.0.0-cp314-cp314-manylinux_2_28_aarch64.whl", hash = "sha256:adbbedc55506cbdabb830890444fb856bfb0060c46c6f8026c6c2f2cf86ae795"},
    {file = "pyarrow-24.0.0-cp314-cp314-manylinux_2_28_x86_64.whl", hash = "sha256:ae8a1145af31d903fa9bb166824d7abe9b4681a000b0159c9fb99c11bc11ad26"},
    {file = "pyarrow-24.0.0-cp314-cp314-musllinux_1_2_aarch64.whl", hash = "sha256:d7027eba1df3b2069e2e8d80f644fa0918b68c46432af3d088ddd390d063ecde"},
    {file = "pyarrow-24.0.0-cp314-cp314-musllinux_1_2_x86_64.whl", hash = "sha256:e56a1ffe9bf7b727432b89104cc0849c21582949dd7bdcb34f17b2001a351a76"},
    {file = "pyarrow-24.0.0-cp314-cp314-win_amd64.whl", hash = "sha256:38be1808cdd068605b787e6ca9119b27eb275a0234e50212c3492331680c3b1e"},
    {file = "pyarrow-24.0.0-cp314-cp314t-macosx_12_0_arm64.whl", hash = "sha256:418e48ce50a45a6a6c73c454677203a9c75c966cb1e92ca3370959185f197a05"},
    {file = "pyarrow-24.0.0-cp314-cp314t-macosx_12_0_x86_64.whl", hash = "sha256:2f16197705a230a78270cdd4ea8a1d57e86b2fdcbc34a1f6aebc72e65c986f9a"},
    {file = "pyarrow-24.0.0-cp314-cp314t-manylinux_2_28_aarch64.whl", hash = "sha256:fb24ac194bfc5e86839d7dcd52092ee31e5fe6733fe11f5e3b06ef0812b20072"},
    {file = "pyarrow-24.0.0-cp314-cp314t-manylinux_2_28_x86_64.whl", hash = "sha256:9700ebd9a51f5895ce75ff4ac4b3c47a7d4b42bc618be8e713e5d56bacf5f931"},
    {file = "pyarrow-24.0.0-cp314-cp314t-musllinux_1_2_aarch64.whl", hash = "sha256:d8ddd2768da81d3ee08cfea9b597f4abb4e8e1dc8ae7e204b608d23a0d3ab699"},
    {file = "pyarrow-24.0.0-cp314-cp314t-musllinux_1_2_x86_64.whl", hash = "sha256:61a3d7eaa97a14768b542f3d284dc6400dd2470d9f080708b13cd46b6ae18136"},
    {file = "pyarrow-24.0.0-cp314-cp314t-win_amd64.whl", hash = "sha256:c91d00057f23b8d353039520dc3a6c09d8608164c692e9f59a175a42b2ae0c19"},
    {file = "pyarrow-24.0.0.tar.gz", hash = "sha256:85fe721a14dd823aca09127acbb06c3ca723efbd436c004f16bca601b04dcc83"},
]

[[package]]
name = "pygments"
version = "2.20.0"
description = "Pygments is a syntax highlighting package written in Python."
optional = false
python-versions = ">=3.9"
groups = ["main"]
files = [
    {file = "pygments-2.20.0-py3-none-any.whl", hash = "sha256:81a9e26dd42fd28a23a2d169d86d7ac03b46e2f8b59ed4698fb4785f946d0176"},
    {file = "pygments-2.20.0.tar.gz", hash = "sha256:6757cd03768053ff99f3039c1a36d6c0aa0b263438fcab17520b30a303a82b5f"},
]

[package.extras]
windows-terminal = ["colorama (>=0.4.6)"]

[[package]]
name = "rich"
version = "13.9.4"
description = "Render rich text, tables, progress bars, syntax highlighting, markdown and more to the terminal"
optional = false
python-versions = ">=3.8.0"
groups = ["main"]
files = [
    {file = "rich-13.9.4-py3-none-any.whl", hash = "sha256:6049d5e6ec054bf2779ab3358186963bac2ea89175919d699e378b99738c2a90"},
    {file = "rich-13.9.4.tar.gz", hash = "sha256:439594978a49a09530cff7ebc4b5c7103ef57baf48d5ea3184f21d9a2befa098"},
]

[package.dependencies]
markdown-it-py = ">=2.2.0"
pygments = ">=2.13.0,<3.0.0"
typing-extensions = {version = ">=4.0.0,<5.0", markers = "python_version < \"3.11\""}

[package.extras]
jupyter = ["ipywidgets (>=7.5.1,<9)"]

[[package]]
name = "shellingham"
version = "1.5.4"
description = "Tool to Detect Surrounding Shell"
optional = false
python-versions = ">=3.7"
groups = ["main"]
files = [
    {file = "shellingham-1.5.4-py2.py3-none-any.whl", hash = "sha256:7ecfff8f2fd72616f7481040475a65b2bf8af90a56c89140852d1120324e8686"},
    {file = "shellingham-1.5.4.tar.gz", hash = "sha256:8dbca0739d487e5bd35ab3ca4b36e11c4078f3a234bfce294b0a0291363404de"},
]

[[package]]
name = "typer"
version = "0.15.2"
description = "Typer, build great CLIs. Easy to code. Based on Python type hints."
optional = false
python-versions = ">=3.7"
groups = ["main"]
files = [
    {file = "typer-0.15.2-py3-none-any.whl", hash = "sha256:46a499c6107d645a9c13f7ee46c5d5096cae6f5fc57dd11eccbbb9ae3e44ddfc"},
    {file = "typer-0.15.2.tar.gz", hash = "sha256:ab2fab47533a813c49fe1f16b1a370fd5819099c00b119e0633df65f22144ba5"},
]

[package.dependencies]
click = ">=8.0.0"
rich = ">=10.11.0"
shellingham = ">=1.3.0"
typing-extensions = ">=3.7.4.3"

[[package]]
name = "typing-extensions"
version = "4.12.2"
description = "Backported and Experimental Type Hints for Python 3.8+"
optional = false
python-versions = ">=3.8"
groups = ["main"]
files = [
    {file = "typing_extensions-4.12.2-py3-none-any.whl", hash = "sha256:04e5ca0351e0f3f85c6853954072df659d0d13fac324d0072316b67d7794700d"},
    {file = "typing_extensions-4.12.2.tar.gz", hash = "sha256:1a7ead55c7e559dd4dee8856e3a88b41225abfe1ce8df57b7c13915fe121ffb8"},
]

[metadata]
lock-version = "2.1"
python-versions = ">=3.10"
content-hash = "80b1b993c1a4df10aa83213ff3eede4f10d4536b77930a3e651f374bed5deb88"
